
Microsoft Visual Studio Solution File, Format Version 12.00
# Visual Studio Version 17
VisualStudioVersion = 17.4.33205.214
MinimumVisualStudioVersion = 10.0.40219.1
Project("{FAE04EC0-301F-11D3-BF4B-00C04F79EFBC}") = "objetosEClasses", "objetosEClasses.csproj", "{A37BCE25-6F1A-4D78-A310-86D41F7E21F1}"
EndProject
Global
	GlobalSection(SolutionConfigurationPlatforms) = preSolution
		Debug|Any CPU = Debug|Any CPU
		Release|Any CPU = Release|Any CPU
	EndGlobalSection
	GlobalSection(ProjectConfigurationPlatforms) = postSolution
		{A37BCE25-6F1A-4D78-A310-86D41F7E21F1}.Debug|Any CPU.ActiveCfg = Debug|Any CPU
		{A37BCE25-6F1A-4D78-A310-86D41F7E21F1}.Debug|Any CPU.Build.0 = Debug|Any CPU
		{A37BCE25-6F1A-4D78-A310-86D41F7E21F1}.Release|Any CPU.ActiveCfg = Release|Any CPU
		{A37BCE25-6F1A-4D78-A310-86D41F7E21F1}.Release|Any CPU.Build.0 = Release|Any CPU
	EndGlobalSection
	GlobalSection(SolutionProperties) = preSolution
		HideSolutionNode = FALSE
	EndGlobalSection
	GlobalSection(ExtensibilityGlobals) = postSolution
		SolutionGuid = {F1EECB27-AE73-4612-937F-05B9BBE58AAF}
	EndGlobalSection
EndGlobal
